
Microsoft Visual Studio Solution File, Format Version 12.00
# Visual Studio Version 17
VisualStudioVersion = 17.3.32825.248
MinimumVisualStudioVersion = 10.0.40219.1
Project("{9A19103F-16F7-4668-BE54-9A1E7A4F7556}") = "Terminal.Shell", "src\Terminal.Shell\Terminal.Shell.csproj", "{56669FB7-CAA5-4F27-8069-CCFF80B93955}"
EndProject
Project("{9A19103F-16F7-4668-BE54-9A1E7A4F7556}") = "Terminal.Shell.Tests", "src\Terminal.Shell.Tests\Terminal.Shell.Tests.csproj", "{9A50FA34-B212-42DC-97AB-5FAA55B59FB8}"
EndProject
Project("{9A19103F-16F7-4668-BE54-9A1E7A4F7556}") = "TGui", "src\TGui\TGui.csproj", "{78C82270-06F3-46AE-AB27-6C1CA4FD9ACA}"
EndProject
Project("{2150E333-8FDC-42A3-9474-1A3956D46DE8}") = "Solution Items", "Solution Items", "{462D4078-697D-41AD-A432-57F7C622852F}"
	ProjectSection(SolutionItems) = preProject
		src\Directory.Packages.props = src\Directory.Packages.props
		src\Directory.props = src\Directory.props
	EndProjectSection
EndProject
Project("{2150E333-8FDC-42A3-9474-1A3956D46DE8}") = "Extensions", "Extensions", "{AF5218E1-425B-4941-819B-35D8CF2745A0}"
EndProject
Project("{FAE04EC0-301F-11D3-BF4B-00C04F79EFBC}") = "Terminal.Shell.Sdk", "src\Terminal.Shell.Sdk\Terminal.Shell.Sdk.csproj", "{3981A322-E9CF-4105-82F2-D03F440B833B}"
EndProject
Global
	GlobalSection(SolutionConfigurationPlatforms) = preSolution
		Debug|Any CPU = Debug|Any CPU
		Release|Any CPU = Release|Any CPU
	EndGlobalSection
	GlobalSection(ProjectConfigurationPlatforms) = postSolution
		{56669FB7-CAA5-4F27-8069-CCFF80B93955}.Debug|Any CPU.ActiveCfg = Debug|Any CPU
		{56669FB7-CAA5-4F27-8069-CCFF80B93955}.Debug|Any CPU.Build.0 = Debug|Any CPU
		{56669FB7-CAA5-4F27-8069-CCFF80B93955}.Release|Any CPU.ActiveCfg = Release|Any CPU
		{56669FB7-CAA5-4F27-8069-CCFF80B93955}.Release|Any CPU.Build.0 = Release|Any CPU
		{9A50FA34-B212-42DC-97AB-5FAA55B59FB8}.Debug|Any CPU.ActiveCfg = Debug|Any CPU
		{9A50FA34-B212-42DC-97AB-5FAA55B59FB8}.Debug|Any CPU.Build.0 = Debug|Any CPU
		{9A50FA34-B212-42DC-97AB-5FAA55B59FB8}.Release|Any CPU.ActiveCfg = Release|Any CPU
		{9A50FA34-B212-42DC-97AB-5FAA55B59FB8}.Release|Any CPU.Build.0 = Release|Any CPU
		{78C82270-06F3-46AE-AB27-6C1CA4FD9ACA}.Debug|Any CPU.ActiveCfg = Debug|Any CPU
		{78C82270-06F3-46AE-AB27-6C1CA4FD9ACA}.Debug|Any CPU.Build.0 = Debug|Any CPU
		{78C82270-06F3-46AE-AB27-6C1CA4FD9ACA}.Release|Any CPU.ActiveCfg = Release|Any CPU
		{78C82270-06F3-46AE-AB27-6C1CA4FD9ACA}.Release|Any CPU.Build.0 = Release|Any CPU
		{3981A322-E9CF-4105-82F2-D03F440B833B}.Debug|Any CPU.ActiveCfg = Debug|Any CPU
		{3981A322-E9CF-4105-82F2-D03F440B833B}.Debug|Any CPU.Build.0 = Debug|Any CPU
		{3981A322-E9CF-4105-82F2-D03F440B833B}.Release|Any CPU.ActiveCfg = Release|Any CPU
		{3981A322-E9CF-4105-82F2-D03F440B833B}.Release|Any CPU.Build.0 = Release|Any CPU
	EndGlobalSection
	GlobalSection(SolutionProperties) = preSolution
		HideSolutionNode = FALSE
	EndGlobalSection
	GlobalSection(ExtensibilityGlobals) = postSolution
		SolutionGuid = {C5419D19-03FE-4347-BBF3-5DF1FA868E08}
	EndGlobalSection
EndGlobal
