
Microsoft Visual Studio Solution File, Format Version 12.00
# Visual Studio Version 17
VisualStudioVersion = 17.3.32825.248
MinimumVisualStudioVersion = 10.0.40219.1
Project("{9A19103F-16F7-4668-BE54-9A1E7A4F7556}") = "Terminal.Shell", "src\Terminal.Shell\Terminal.Shell.csproj", "{56669FB7-CAA5-4F27-8069-CCFF80B93955}"
EndProject
Project("{9A19103F-16F7-4668-BE54-9A1E7A4F7556}") = "Terminal.Shell.Tests", "src\Terminal.Shell.Tests\Terminal.Shell.Tests.csproj", "{9A50FA34-B212-42DC-97AB-5FAA55B59FB8}"
EndProject
Project("{2150E333-8FDC-42A3-9474-1A3956D46DE8}") = "Solution Items", "Solution Items", "{462D4078-697D-41AD-A432-57F7C622852F}"
	ProjectSection(SolutionItems) = preProject
		.editorconfig = .editorconfig
		.netconfig = .netconfig
		src\Directory.Packages.props = src\Directory.Packages.props
		src\Directory.props = src\Directory.props
		readme.md = readme.md
	EndProjectSection
EndProject
Project("{2150E333-8FDC-42A3-9474-1A3956D46DE8}") = "Extensions", "Extensions", "{AF5218E1-425B-4941-819B-35D8CF2745A0}"
EndProject
Project("{9A19103F-16F7-4668-BE54-9A1E7A4F7556}") = "Terminal.Shell.Sdk", "src\Terminal.Shell.Sdk\Terminal.Shell.Sdk.csproj", "{3981A322-E9CF-4105-82F2-D03F440B833B}"
EndProject
Project("{9A19103F-16F7-4668-BE54-9A1E7A4F7556}") = "FirstExtension", "src\Extensions\FirstExtension\FirstExtension.csproj", "{1D78FDDE-9F86-477E-A3B7-AE88A8A42E87}"
EndProject
Project("{9A19103F-16F7-4668-BE54-9A1E7A4F7556}") = "SecondExtension", "src\Extensions\SecondExtension\SecondExtension.csproj", "{DE897F83-CE65-442E-8E8B-CFD7FB130C5B}"
EndProject
Project("{9A19103F-16F7-4668-BE54-9A1E7A4F7556}") = "Terminal.Shell.CodeAnalysis", "src\Terminal.Shell.CodeAnalysis\Terminal.Shell.CodeAnalysis.csproj", "{D514B81F-2AF9-441E-A622-2747C86977BC}"
EndProject
Project("{13B669BE-BB05-4DDF-9536-439F39A36129}") = "Terminal.Shell.Sdk.Pack", "src\Terminal.Shell.Sdk.Pack\Terminal.Shell.Sdk.Pack.msbuildproj", "{2C8E6E48-719A-45F2-AC72-96E3A0D36BD6}"
EndProject
Project("{9A19103F-16F7-4668-BE54-9A1E7A4F7556}") = "TSh", "src\TSh\TSh.csproj", "{37035497-0FDA-4B36-8A8A-D0DAEE25E5FE}"
EndProject
Project("{9A19103F-16F7-4668-BE54-9A1E7A4F7556}") = "Terminal.Shell.CodeFixes", "src\Terminal.Shell.CodeFixes\Terminal.Shell.CodeFixes.csproj", "{EFC2EA54-0089-4178-B84D-04D0EC9D0A73}"
EndProject
Global
	GlobalSection(SolutionConfigurationPlatforms) = preSolution
		Debug|Any CPU = Debug|Any CPU
		Release|Any CPU = Release|Any CPU
	EndGlobalSection
	GlobalSection(ProjectConfigurationPlatforms) = postSolution
		{56669FB7-CAA5-4F27-8069-CCFF80B93955}.Debug|Any CPU.ActiveCfg = Debug|Any CPU
		{56669FB7-CAA5-4F27-8069-CCFF80B93955}.Debug|Any CPU.Build.0 = Debug|Any CPU
		{56669FB7-CAA5-4F27-8069-CCFF80B93955}.Release|Any CPU.ActiveCfg = Release|Any CPU
		{56669FB7-CAA5-4F27-8069-CCFF80B93955}.Release|Any CPU.Build.0 = Release|Any CPU
		{9A50FA34-B212-42DC-97AB-5FAA55B59FB8}.Debug|Any CPU.ActiveCfg = Debug|Any CPU
		{9A50FA34-B212-42DC-97AB-5FAA55B59FB8}.Debug|Any CPU.Build.0 = Debug|Any CPU
		{9A50FA34-B212-42DC-97AB-5FAA55B59FB8}.Release|Any CPU.ActiveCfg = Release|Any CPU
		{9A50FA34-B212-42DC-97AB-5FAA55B59FB8}.Release|Any CPU.Build.0 = Release|Any CPU
		{3981A322-E9CF-4105-82F2-D03F440B833B}.Debug|Any CPU.ActiveCfg = Debug|Any CPU
		{3981A322-E9CF-4105-82F2-D03F440B833B}.Debug|Any CPU.Build.0 = Debug|Any CPU
		{3981A322-E9CF-4105-82F2-D03F440B833B}.Release|Any CPU.ActiveCfg = Release|Any CPU
		{3981A322-E9CF-4105-82F2-D03F440B833B}.Release|Any CPU.Build.0 = Release|Any CPU
		{1D78FDDE-9F86-477E-A3B7-AE88A8A42E87}.Debug|Any CPU.ActiveCfg = Debug|Any CPU
		{1D78FDDE-9F86-477E-A3B7-AE88A8A42E87}.Debug|Any CPU.Build.0 = Debug|Any CPU
		{1D78FDDE-9F86-477E-A3B7-AE88A8A42E87}.Release|Any CPU.ActiveCfg = Release|Any CPU
		{1D78FDDE-9F86-477E-A3B7-AE88A8A42E87}.Release|Any CPU.Build.0 = Release|Any CPU
		{DE897F83-CE65-442E-8E8B-CFD7FB130C5B}.Debug|Any CPU.ActiveCfg = Debug|Any CPU
		{DE897F83-CE65-442E-8E8B-CFD7FB130C5B}.Debug|Any CPU.Build.0 = Debug|Any CPU
		{DE897F83-CE65-442E-8E8B-CFD7FB130C5B}.Release|Any CPU.ActiveCfg = Release|Any CPU
		{DE897F83-CE65-442E-8E8B-CFD7FB130C5B}.Release|Any CPU.Build.0 = Release|Any CPU
		{D514B81F-2AF9-441E-A622-2747C86977BC}.Debug|Any CPU.ActiveCfg = Debug|Any CPU
		{D514B81F-2AF9-441E-A622-2747C86977BC}.Debug|Any CPU.Build.0 = Debug|Any CPU
		{D514B81F-2AF9-441E-A622-2747C86977BC}.Release|Any CPU.ActiveCfg = Release|Any CPU
		{D514B81F-2AF9-441E-A622-2747C86977BC}.Release|Any CPU.Build.0 = Release|Any CPU
		{2C8E6E48-719A-45F2-AC72-96E3A0D36BD6}.Debug|Any CPU.ActiveCfg = Debug|Any CPU
		{2C8E6E48-719A-45F2-AC72-96E3A0D36BD6}.Debug|Any CPU.Build.0 = Debug|Any CPU
		{2C8E6E48-719A-45F2-AC72-96E3A0D36BD6}.Release|Any CPU.ActiveCfg = Release|Any CPU
		{2C8E6E48-719A-45F2-AC72-96E3A0D36BD6}.Release|Any CPU.Build.0 = Release|Any CPU
		{37035497-0FDA-4B36-8A8A-D0DAEE25E5FE}.Debug|Any CPU.ActiveCfg = Debug|Any CPU
		{37035497-0FDA-4B36-8A8A-D0DAEE25E5FE}.Debug|Any CPU.Build.0 = Debug|Any CPU
		{37035497-0FDA-4B36-8A8A-D0DAEE25E5FE}.Release|Any CPU.ActiveCfg = Release|Any CPU
		{37035497-0FDA-4B36-8A8A-D0DAEE25E5FE}.Release|Any CPU.Build.0 = Release|Any CPU
		{EFC2EA54-0089-4178-B84D-04D0EC9D0A73}.Debug|Any CPU.ActiveCfg = Debug|Any CPU
		{EFC2EA54-0089-4178-B84D-04D0EC9D0A73}.Debug|Any CPU.Build.0 = Debug|Any CPU
		{EFC2EA54-0089-4178-B84D-04D0EC9D0A73}.Release|Any CPU.ActiveCfg = Release|Any CPU
		{EFC2EA54-0089-4178-B84D-04D0EC9D0A73}.Release|Any CPU.Build.0 = Release|Any CPU
	EndGlobalSection
	GlobalSection(SolutionProperties) = preSolution
		HideSolutionNode = FALSE
	EndGlobalSection
	GlobalSection(NestedProjects) = preSolution
		{1D78FDDE-9F86-477E-A3B7-AE88A8A42E87} = {AF5218E1-425B-4941-819B-35D8CF2745A0}
		{DE897F83-CE65-442E-8E8B-CFD7FB130C5B} = {AF5218E1-425B-4941-819B-35D8CF2745A0}
	EndGlobalSection
	GlobalSection(ExtensibilityGlobals) = postSolution
		SolutionGuid = {C5419D19-03FE-4347-BBF3-5DF1FA868E08}
	EndGlobalSection
EndGlobal
